<?xml version="1.0" encoding="utf-8"?>
<Project ToolsVersion="4.0" xmlns="http://schemas.microsoft.com/developer/msbuild/2003">
  <ItemGroup>
    <Filter Include="Resource Files">
      <UniqueIdentifier>{67DA6AB6-F800-4c08-8B7A-83BB121AAD01}</UniqueIdentifier>
      <Extensions>rc;ico;cur;bmp;dlg;rc2;rct;bin;rgs;gif;jpg;jpeg;jpe;resx;tiff;tif;png;wav;mfcribbon-ms</Extensions>
    </Filter>
    <Filter Include="tk">
      <UniqueIdentifier>{63bd5f89-b9c0-4c4f-aca9-7ffa96f468df}</UniqueIdentifier>
    </Filter>
    <Filter Include="shader file">
      <UniqueIdentifier>{b56ff540-3143-49d7-abcf-b0c66c0095d8}</UniqueIdentifier>
    </Filter>
    <Filter Include="WinMain">
      <UniqueIdentifier>{26f82463-50a7-41c6-93c4-47332c7b3485}</UniqueIdentifier>
    </Filter>
  </ItemGroup>
  <ItemGroup>
    <ClInclude Include="DxWindow.h" />
    <ClInclude Include="Components.h" />
    <ClInclude Include="DxShader.h" />
    <ClInclude Include="Dx2DRenderer.h" />
    <ClInclude Include="tk\DDS.h">
      <Filter>tk</Filter>
    </ClInclude>
    <ClInclude Include="tk\DDSTextureLoader.h">
      <Filter>tk</Filter>
    </ClInclude>
    <ClInclude Include="tk\DirectXHelpers.h">
      <Filter>tk</Filter>
    </ClInclude>
    <ClInclude Include="tk\LoaderHelpers.h">
      <Filter>tk</Filter>
    </ClInclude>
    <ClInclude Include="tk\PlatformHelpers.h">
      <Filter>tk</Filter>
    </ClInclude>
    <ClInclude Include="tk\SimpleMath.h">
      <Filter>tk</Filter>
    </ClInclude>
    <ClInclude Include="tk\WICTextureLoader.h">
      <Filter>tk</Filter>
    </ClInclude>
    <ClInclude Include="ConstantBuffer.h" />
    <ClInclude Include="Dx2DRenderable.h" />
    <ClInclude Include="DemoGame.h" />
    <ClInclude Include="framework.h">
      <Filter>WinMain</Filter>
    </ClInclude>
    <ClInclude Include="Nine0.h">
      <Filter>WinMain</Filter>
    </ClInclude>
    <ClInclude Include="pch.h">
      <Filter>WinMain</Filter>
    </ClInclude>
    <ClInclude Include="IDraw.h" />
    <ClInclude Include="Resource.h">
      <Filter>WinMain</Filter>
    </ClInclude>
    <ClInclude Include="targetver.h">
      <Filter>WinMain</Filter>
    </ClInclude>
  </ItemGroup>
  <ItemGroup>
    <ClCompile Include="DxWindow.cpp" />
    <ClCompile Include="DxShader.cpp" />
    <ClCompile Include="Dx2DRenderer.cpp" />
    <ClCompile Include="tk\DDSTextureLoader.cpp">
      <Filter>tk</Filter>
    </ClCompile>
    <ClCompile Include="tk\SimpleMath.cpp">
      <Filter>tk</Filter>
    </ClCompile>
    <ClCompile Include="tk\WICTextureLoader.cpp">
      <Filter>tk</Filter>
    </ClCompile>
    <ClCompile Include="DemoGame.cpp" />
    <ClCompile Include="Main.cpp">
      <Filter>WinMain</Filter>
    </ClCompile>
    <ClCompile Include="pch.cpp">
      <Filter>WinMain</Filter>
    </ClCompile>
  </ItemGroup>
  <ItemGroup>
    <ResourceCompile Include="Nine0.rc">
      <Filter>Resource Files</Filter>
    </ResourceCompile>
  </ItemGroup>
  <ItemGroup>
    <Image Include="small.ico">
      <Filter>Resource Files</Filter>
    </Image>
    <Image Include="Nine0.ico">
      <Filter>Resource Files</Filter>
    </Image>
  </ItemGroup>
  <ItemGroup>
    <FxCompile Include="PS.hlsl">
      <Filter>shader file</Filter>
    </FxCompile>
    <FxCompile Include="VS.hlsl">
      <Filter>shader file</Filter>
    </FxCompile>
  </ItemGroup>
  <ItemGroup>
    <None Include="tk\SimpleMath.inl">
      <Filter>tk</Filter>
    </None>
  </ItemGroup>
</Project>